// !$*UTF8*$!
{
	archiveVersion = 1;
	classes = {
	};
	objectVersion = 50;
	objects = {

/* Begin PBXBuildFile section */
		12BE1E7C4E24A245148B369C /* Pods_MamiCamp.framework in Frameworks */ = {isa = PBXBuildFile; fileRef = D21733FDC9E359D35718D45A /* Pods_MamiCamp.framework */; };
		FE105CE62237D24200DEA424 /* CampusCollectionViewCell.swift in Sources */ = {isa = PBXBuildFile; fileRef = FE105CE52237D24200DEA424 /* CampusCollectionViewCell.swift */; };
		FE4403582237C7F300B211BA /* CampusCollViewCell.xib in Resources */ = {isa = PBXBuildFile; fileRef = FE4403572237C7F300B211BA /* CampusCollViewCell.xib */; };
		FE44035A2237CA2A00B211BA /* CampusViewController.swift in Sources */ = {isa = PBXBuildFile; fileRef = FE4403592237CA2A00B211BA /* CampusViewController.swift */; };
		FEC4ADAA222E89CA003CCE13 /* AppDelegate.swift in Sources */ = {isa = PBXBuildFile; fileRef = FEC4ADA9222E89CA003CCE13 /* AppDelegate.swift */; };
		FEC4ADAC222E89CA003CCE13 /* ViewController.swift in Sources */ = {isa = PBXBuildFile; fileRef = FEC4ADAB222E89CA003CCE13 /* ViewController.swift */; };
		FEC4ADAF222E89CA003CCE13 /* Main.storyboard in Resources */ = {isa = PBXBuildFile; fileRef = FEC4ADAD222E89CA003CCE13 /* Main.storyboard */; };
		FEC4ADB2222E89CA003CCE13 /* MamiCamp.xcdatamodeld in Sources */ = {isa = PBXBuildFile; fileRef = FEC4ADB0222E89CA003CCE13 /* MamiCamp.xcdatamodeld */; };
		FEC4ADB4222E89CC003CCE13 /* Assets.xcassets in Resources */ = {isa = PBXBuildFile; fileRef = FEC4ADB3222E89CC003CCE13 /* Assets.xcassets */; };
		FEC4ADB7222E89CC003CCE13 /* LaunchScreen.storyboard in Resources */ = {isa = PBXBuildFile; fileRef = FEC4ADB5222E89CC003CCE13 /* LaunchScreen.storyboard */; };
		FEC61FCD2237BF9500D654DA /* CityViewController+TableViewDelegate.swift in Sources */ = {isa = PBXBuildFile; fileRef = FEC61FCC2237BF9500D654DA /* CityViewController+TableViewDelegate.swift */; };
		FEEE9B5E223279B8005EE1B9 /* CityViewController.swift in Sources */ = {isa = PBXBuildFile; fileRef = FEEE9B5D223279B8005EE1B9 /* CityViewController.swift */; };
		FEEE9B6022327F11005EE1B9 /* CityTableViewCell.swift in Sources */ = {isa = PBXBuildFile; fileRef = FEEE9B5F22327F11005EE1B9 /* CityTableViewCell.swift */; };
		FEEE9B622232830D005EE1B9 /* CityViewController+TableViewDataSource.swift in Sources */ = {isa = PBXBuildFile; fileRef = FEEE9B612232830D005EE1B9 /* CityViewController+TableViewDataSource.swift */; };
/* End PBXBuildFile section */

/* Begin PBXFileReference section */
		42B6FB6A55E4AC46D66EEA38 /* Pods-MamiCamp.debug.xcconfig */ = {isa = PBXFileReference; includeInIndex = 1; lastKnownFileType = text.xcconfig; name = "Pods-MamiCamp.debug.xcconfig"; path = "Target Support Files/Pods-MamiCamp/Pods-MamiCamp.debug.xcconfig"; sourceTree = "<group>"; };
		7EC10763E5052EF5D4871688 /* Pods-MamiCamp.release.xcconfig */ = {isa = PBXFileReference; includeInIndex = 1; lastKnownFileType = text.xcconfig; name = "Pods-MamiCamp.release.xcconfig"; path = "Target Support Files/Pods-MamiCamp/Pods-MamiCamp.release.xcconfig"; sourceTree = "<group>"; };
		D21733FDC9E359D35718D45A /* Pods_MamiCamp.framework */ = {isa = PBXFileReference; explicitFileType = wrapper.framework; includeInIndex = 0; path = Pods_MamiCamp.framework; sourceTree = BUILT_PRODUCTS_DIR; };
		FE105CE52237D24200DEA424 /* CampusCollectionViewCell.swift */ = {isa = PBXFileReference; lastKnownFileType = sourcecode.swift; path = CampusCollectionViewCell.swift; sourceTree = "<group>"; };
		FE4403572237C7F300B211BA /* CampusCollViewCell.xib */ = {isa = PBXFileReference; lastKnownFileType = file.xib; path = CampusCollViewCell.xib; sourceTree = "<group>"; };
		FE4403592237CA2A00B211BA /* CampusViewController.swift */ = {isa = PBXFileReference; lastKnownFileType = sourcecode.swift; path = CampusViewController.swift; sourceTree = "<group>"; };
		FEC4ADA6222E89CA003CCE13 /* MamiCamp.app */ = {isa = PBXFileReference; explicitFileType = wrapper.application; includeInIndex = 0; path = MamiCamp.app; sourceTree = BUILT_PRODUCTS_DIR; };
		FEC4ADA9222E89CA003CCE13 /* AppDelegate.swift */ = {isa = PBXFileReference; lastKnownFileType = sourcecode.swift; path = AppDelegate.swift; sourceTree = "<group>"; };
		FEC4ADAB222E89CA003CCE13 /* ViewController.swift */ = {isa = PBXFileReference; lastKnownFileType = sourcecode.swift; path = ViewController.swift; sourceTree = "<group>"; };
		FEC4ADAE222E89CA003CCE13 /* Base */ = {isa = PBXFileReference; lastKnownFileType = file.storyboard; name = Base; path = Base.lproj/Main.storyboard; sourceTree = "<group>"; };
		FEC4ADB1222E89CA003CCE13 /* MamiCamp.xcdatamodel */ = {isa = PBXFileReference; lastKnownFileType = wrapper.xcdatamodel; path = MamiCamp.xcdatamodel; sourceTree = "<group>"; };
		FEC4ADB3222E89CC003CCE13 /* Assets.xcassets */ = {isa = PBXFileReference; lastKnownFileType = folder.assetcatalog; path = Assets.xcassets; sourceTree = "<group>"; };
		FEC4ADB6222E89CC003CCE13 /* Base */ = {isa = PBXFileReference; lastKnownFileType = file.storyboard; name = Base; path = Base.lproj/LaunchScreen.storyboard; sourceTree = "<group>"; };
		FEC4ADB8222E89CC003CCE13 /* Info.plist */ = {isa = PBXFileReference; lastKnownFileType = text.plist.xml; path = Info.plist; sourceTree = "<group>"; };
		FEC61FCC2237BF9500D654DA /* CityViewController+TableViewDelegate.swift */ = {isa = PBXFileReference; lastKnownFileType = sourcecode.swift; path = "CityViewController+TableViewDelegate.swift"; sourceTree = "<group>"; };
		FEEE9B5D223279B8005EE1B9 /* CityViewController.swift */ = {isa = PBXFileReference; lastKnownFileType = sourcecode.swift; path = CityViewController.swift; sourceTree = "<group>"; };
		FEEE9B5F22327F11005EE1B9 /* CityTableViewCell.swift */ = {isa = PBXFileReference; lastKnownFileType = sourcecode.swift; path = CityTableViewCell.swift; sourceTree = "<group>"; };
		FEEE9B612232830D005EE1B9 /* CityViewController+TableViewDataSource.swift */ = {isa = PBXFileReference; lastKnownFileType = sourcecode.swift; path = "CityViewController+TableViewDataSource.swift"; sourceTree = "<group>"; };
/* End PBXFileReference section */

/* Begin PBXFrameworksBuildPhase section */
		FEC4ADA3222E89CA003CCE13 /* Frameworks */ = {
			isa = PBXFrameworksBuildPhase;
			buildActionMask = 2147483647;
			files = (
				12BE1E7C4E24A245148B369C /* Pods_MamiCamp.framework in Frameworks */,
			);
			runOnlyForDeploymentPostprocessing = 0;
		};
/* End PBXFrameworksBuildPhase section */

/* Begin PBXGroup section */
		30D23FAB08114318B73E8B29 /* Frameworks */ = {
			isa = PBXGroup;
			children = (
				D21733FDC9E359D35718D45A /* Pods_MamiCamp.framework */,
			);
			name = Frameworks;
			sourceTree = "<group>";
		};
		A22AF5D858A74F02A2632F29 /* Pods */ = {
			isa = PBXGroup;
			children = (
				42B6FB6A55E4AC46D66EEA38 /* Pods-MamiCamp.debug.xcconfig */,
				7EC10763E5052EF5D4871688 /* Pods-MamiCamp.release.xcconfig */,
			);
			path = Pods;
			sourceTree = "<group>";
		};
		FE6D3CC3223A621400C9BE67 /* Views */ = {
			isa = PBXGroup;
			children = (
				FEC4ADAB222E89CA003CCE13 /* ViewController.swift */,
				FEC4ADAD222E89CA003CCE13 /* Main.storyboard */,
				FE4403572237C7F300B211BA /* CampusCollViewCell.xib */,
				FEEE9B5F22327F11005EE1B9 /* CityTableViewCell.swift */,
				FEEE9B612232830D005EE1B9 /* CityViewController+TableViewDataSource.swift */,
				FEEE9B5D223279B8005EE1B9 /* CityViewController.swift */,
				FEC61FCC2237BF9500D654DA /* CityViewController+TableViewDelegate.swift */,
				FE4403592237CA2A00B211BA /* CampusViewController.swift */,
				FE105CE52237D24200DEA424 /* CampusCollectionViewCell.swift */,
			);
			path = Views;
			sourceTree = "<group>";
		};
		FEC4AD9D222E89CA003CCE13 = {
			isa = PBXGroup;
			children = (
				FEC4ADA8222E89CA003CCE13 /* MamiCamp */,
				FEC4ADA7222E89CA003CCE13 /* Products */,
				A22AF5D858A74F02A2632F29 /* Pods */,
				30D23FAB08114318B73E8B29 /* Frameworks */,
			);
			sourceTree = "<group>";
		};
		FEC4ADA7222E89CA003CCE13 /* Products */ = {
			isa = PBXGroup;
			children = (
				FEC4ADA6222E89CA003CCE13 /* MamiCamp.app */,
			);
			name = Products;
			sourceTree = "<group>";
		};
		FEC4ADA8222E89CA003CCE13 /* MamiCamp */ = {
			isa = PBXGroup;
			children = (
				FEC4ADA9222E89CA003CCE13 /* AppDelegate.swift */,
				FE6D3CC3223A621400C9BE67 /* Views */,
				FEC4ADB3222E89CC003CCE13 /* Assets.xcassets */,
				FEC4ADB5222E89CC003CCE13 /* LaunchScreen.storyboard */,
				FEC4ADB8222E89CC003CCE13 /* Info.plist */,
				FEC4ADB0222E89CA003CCE13 /* MamiCamp.xcdatamodeld */,
			);
			path = MamiCamp;
			sourceTree = "<group>";
		};
/* End PBXGroup section */

/* Begin PBXNativeTarget section */
		FEC4ADA5222E89CA003CCE13 /* MamiCamp */ = {
			isa = PBXNativeTarget;
			buildConfigurationList = FEC4ADBB222E89CC003CCE13 /* Build configuration list for PBXNativeTarget "MamiCamp" */;
			buildPhases = (
				533165045045731577ADE82F /* [CP] Check Pods Manifest.lock */,
				FEC4ADA2222E89CA003CCE13 /* Sources */,
				FEC4ADA3222E89CA003CCE13 /* Frameworks */,
				FEC4ADA4222E89CA003CCE13 /* Resources */,
				C1A0C42701969DAEB564526C /* [CP] Embed Pods Frameworks */,
			);
			buildRules = (
			);
			dependencies = (
			);
			name = MamiCamp;
			productName = MamiCamp;
			productReference = FEC4ADA6222E89CA003CCE13 /* MamiCamp.app */;
			productType = "com.apple.product-type.application";
		};
/* End PBXNativeTarget section */

/* Begin PBXProject section */
		FEC4AD9E222E89CA003CCE13 /* Project object */ = {
			isa = PBXProject;
			attributes = {
				LastSwiftUpdateCheck = 1010;
				LastUpgradeCheck = 1010;
				ORGANIZATIONNAME = icung;
				TargetAttributes = {
					FEC4ADA5222E89CA003CCE13 = {
						CreatedOnToolsVersion = 10.1;
					};
				};
			};
			buildConfigurationList = FEC4ADA1222E89CA003CCE13 /* Build configuration list for PBXProject "MamiCamp" */;
			compatibilityVersion = "Xcode 9.3";
			developmentRegion = en;
			hasScannedForEncodings = 0;
			knownRegions = (
				en,
				Base,
			);
			mainGroup = FEC4AD9D222E89CA003CCE13;
			productRefGroup = FEC4ADA7222E89CA003CCE13 /* Products */;
			projectDirPath = "";
			projectRoot = "";
			targets = (
				FEC4ADA5222E89CA003CCE13 /* MamiCamp */,
			);
		};
/* End PBXProject section */

/* Begin PBXResourcesBuildPhase section */
		FEC4ADA4222E89CA003CCE13 /* Resources */ = {
			isa = PBXResourcesBuildPhase;
			buildActionMask = 2147483647;
			files = (
				FEC4ADB7222E89CC003CCE13 /* LaunchScreen.storyboard in Resources */,
				FE4403582237C7F300B211BA /* CampusCollViewCell.xib in Resources */,
				FEC4ADB4222E89CC003CCE13 /* Assets.xcassets in Resources */,
				FEC4ADAF222E89CA003CCE13 /* Main.storyboard in Resources */,
			);
			runOnlyForDeploymentPostprocessing = 0;
		};
/* End PBXResourcesBuildPhase section */

/* Begin PBXShellScriptBuildPhase section */
		533165045045731577ADE82F /* [CP] Check Pods Manifest.lock */ = {
			isa = PBXShellScriptBuildPhase;
			buildActionMask = 2147483647;
			files = (
			);
			inputFileListPaths = (
			);
			inputPaths = (
				"${PODS_PODFILE_DIR_PATH}/Podfile.lock",
				"${PODS_ROOT}/Manifest.lock",
			);
			name = "[CP] Check Pods Manifest.lock";
			outputFileListPaths = (
			);
			outputPaths = (
				"$(DERIVED_FILE_DIR)/Pods-MamiCamp-checkManifestLockResult.txt",
			);
			runOnlyForDeploymentPostprocessing = 0;
			shellPath = /bin/sh;
			shellScript = "diff \"${PODS_PODFILE_DIR_PATH}/Podfile.lock\" \"${PODS_ROOT}/Manifest.lock\" > /dev/null\nif [ $? != 0 ] ; then\n    # print error to STDERR\n    echo \"error: The sandbox is not in sync with the Podfile.lock. Run 'pod install' or update your CocoaPods installation.\" >&2\n    exit 1\nfi\n# This output is used by Xcode 'outputs' to avoid re-running this script phase.\necho \"SUCCESS\" > \"${SCRIPT_OUTPUT_FILE_0}\"\n";
			showEnvVarsInLog = 0;
		};
		C1A0C42701969DAEB564526C /* [CP] Embed Pods Frameworks */ = {
			isa = PBXShellScriptBuildPhase;
			buildActionMask = 2147483647;
			files = (
			);
			inputFileListPaths = (
			);
			inputPaths = (
				"${PODS_ROOT}/Target Support Files/Pods-MamiCamp/Pods-MamiCamp-frameworks.sh",
				"${BUILT_PRODUCTS_DIR}/Alamofire/Alamofire.framework",
				"${BUILT_PRODUCTS_DIR}/Alamofire-SwiftyJSON/Alamofire_SwiftyJSON.framework",
				"${BUILT_PRODUCTS_DIR}/SwiftyJSON/SwiftyJSON.framework",
			);
			name = "[CP] Embed Pods Frameworks";
			outputFileListPaths = (
			);
			outputPaths = (
				"${TARGET_BUILD_DIR}/${FRAMEWORKS_FOLDER_PATH}/Alamofire.framework",
				"${TARGET_BUILD_DIR}/${FRAMEWORKS_FOLDER_PATH}/Alamofire_SwiftyJSON.framework",
				"${TARGET_BUILD_DIR}/${FRAMEWORKS_FOLDER_PATH}/SwiftyJSON.framework",
			);
			runOnlyForDeploymentPostprocessing = 0;
			shellPath = /bin/sh;
			shellScript = "\"${PODS_ROOT}/Target Support Files/Pods-MamiCamp/Pods-MamiCamp-frameworks.sh\"\n";
			showEnvVarsInLog = 0;
		};
/* End PBXShellScriptBuildPhase section */

/* Begin PBXSourcesBuildPhase section */
		FEC4ADA2222E89CA003CCE13 /* Sources */ = {
			isa = PBXSourcesBuildPhase;
			buildActionMask = 2147483647;
			files = (
				FE105CE62237D24200DEA424 /* CampusCollectionViewCell.swift in Sources */,
				FEEE9B622232830D005EE1B9 /* CityViewController+TableViewDataSource.swift in Sources */,
				FEC4ADAC222E89CA003CCE13 /* ViewController.swift in Sources */,
				FEC4ADAA222E89CA003CCE13 /* AppDelegate.swift in Sources */,
				FEEE9B6022327F11005EE1B9 /* CityTableViewCell.swift in Sources */,
				FEC4ADB2222E89CA003CCE13 /* MamiCamp.xcdatamodeld in Sources */,
				FE44035A2237CA2A00B211BA /* CampusViewController.swift in Sources */,
				FEC61FCD2237BF9500D654DA /* CityViewController+TableViewDelegate.swift in Sources */,
				FEEE9B5E223279B8005EE1B9 /* CityViewController.swift in Sources */,
			);
			runOnlyForDeploymentPostprocessing = 0;
		};
/* End PBXSourcesBuildPhase section */

/* Begin PBXVariantGroup section */
		FEC4ADAD222E89CA003CCE13 /* Main.storyboard */ = {
			isa = PBXVariantGroup;
			children = (
				FEC4ADAE222E89CA003CCE13 /* Base */,
			);
			name = Main.storyboard;
			sourceTree = "<group>";
		};
		FEC4ADB5222E89CC003CCE13 /* LaunchScreen.storyboard */ = {
			isa = PBXVariantGroup;
			children = (
				FEC4ADB6222E89CC003CCE13 /* Base */,
			);
			name = LaunchScreen.storyboard;
			sourceTree = "<group>";
		};
/* End PBXVariantGroup section */

/* Begin XCBuildConfiguration section */
		FEC4ADB9222E89CC003CCE13 /* Debug */ = {
			isa = XCBuildConfiguration;
			buildSettings = {
				ALWAYS_SEARCH_USER_PATHS = NO;
				CLANG_ANALYZER_NONNULL = YES;
				CLANG_ANALYZER_NUMBER_OBJECT_CONVERSION = YES_AGGRESSIVE;
				CLANG_CXX_LANGUAGE_STANDARD = "gnu++14";
				CLANG_CXX_LIBRARY = "libc++";
				CLANG_ENABLE_MODULES = YES;
				CLANG_ENABLE_OBJC_ARC = YES;
				CLANG_ENABLE_OBJC_WEAK = YES;
				CLANG_WARN_BLOCK_CAPTURE_AUTORELEASING = YES;
				CLANG_WARN_BOOL_CONVERSION = YES;
				CLANG_WARN_COMMA = YES;
				CLANG_WARN_CONSTANT_CONVERSION = YES;
				CLANG_WARN_DEPRECATED_OBJC_IMPLEMENTATIONS = YES;
				CLANG_WARN_DIRECT_OBJC_ISA_USAGE = YES_ERROR;
				CLANG_WARN_DOCUMENTATION_COMMENTS = YES;
				CLANG_WARN_EMPTY_BODY = YES;
				CLANG_WARN_ENUM_CONVERSION = YES;
				CLANG_WARN_INFINITE_RECURSION = YES;
				CLANG_WARN_INT_CONVERSION = YES;
				CLANG_WARN_NON_LITERAL_NULL_CONVERSION = YES;
				CLANG_WARN_OBJC_IMPLICIT_RETAIN_SELF = YES;
				CLANG_WARN_OBJC_LITERAL_CONVERSION = YES;
				CLANG_WARN_OBJC_ROOT_CLASS = YES_ERROR;
				CLANG_WARN_RANGE_LOOP_ANALYSIS = YES;
				CLANG_WARN_STRICT_PROTOTYPES = YES;
				CLANG_WARN_SUSPICIOUS_MOVE = YES;
				CLANG_WARN_UNGUARDED_AVAILABILITY = YES_AGGRESSIVE;
				CLANG_WARN_UNREACHABLE_CODE = YES;
				CLANG_WARN__DUPLICATE_METHOD_MATCH = YES;
				CODE_SIGN_IDENTITY = "iPhone Developer";
				COPY_PHASE_STRIP = NO;
				DEBUG_INFORMATION_FORMAT = dwarf;
				ENABLE_STRICT_OBJC_MSGSEND = YES;
				ENABLE_TESTABILITY = YES;
				GCC_C_LANGUAGE_STANDARD = gnu11;
				GCC_DYNAMIC_NO_PIC = NO;
				GCC_NO_COMMON_BLOCKS = YES;
				GCC_OPTIMIZATION_LEVEL = 0;
				GCC_PREPROCESSOR_DEFINITIONS = (
					"DEBUG=1",
					"$(inherited)",
				);
				GCC_WARN_64_TO_32_BIT_CONVERSION = YES;
				GCC_WARN_ABOUT_RETURN_TYPE = YES_ERROR;
				GCC_WARN_UNDECLARED_SELECTOR = YES;
				GCC_WARN_UNINITIALIZED_AUTOS = YES_AGGRESSIVE;
				GCC_WARN_UNUSED_FUNCTION = YES;
				GCC_WARN_UNUSED_VARIABLE = YES;
				IPHONEOS_DEPLOYMENT_TARGET = 12.1;
				MTL_ENABLE_DEBUG_INFO = INCLUDE_SOURCE;
				MTL_FAST_MATH = YES;
				ONLY_ACTIVE_ARCH = YES;
				SDKROOT = iphoneos;
				SWIFT_ACTIVE_COMPILATION_CONDITIONS = DEBUG;
				SWIFT_OPTIMIZATION_LEVEL = "-Onone";
			};
			name = Debug;
		};
		FEC4ADBA222E89CC003CCE13 /* Release */ = {
			isa = XCBuildConfiguration;
			buildSettings = {
				ALWAYS_SEARCH_USER_PATHS = NO;
				CLANG_ANALYZER_NONNULL = YES;
				CLANG_ANALYZER_NUMBER_OBJECT_CONVERSION = YES_AGGRESSIVE;
				CLANG_CXX_LANGUAGE_STANDARD = "gnu++14";
				CLANG_CXX_LIBRARY = "libc++";
				CLANG_ENABLE_MODULES = YES;
				CLANG_ENABLE_OBJC_ARC = YES;
				CLANG_ENABLE_OBJC_WEAK = YES;
				CLANG_WARN_BLOCK_CAPTURE_AUTORELEASING = YES;
				CLANG_WARN_BOOL_CONVERSION = YES;
				CLANG_WARN_COMMA = YES;
				CLANG_WARN_CONSTANT_CONVERSION = YES;
				CLANG_WARN_DEPRECATED_OBJC_IMPLEMENTATIONS = YES;
				CLANG_WARN_DIRECT_OBJC_ISA_USAGE = YES_ERROR;
				CLANG_WARN_DOCUMENTATION_COMMENTS = YES;
				CLANG_WARN_EMPTY_BODY = YES;
				CLANG_WARN_ENUM_CONVERSION = YES;
				CLANG_WARN_INFINITE_RECURSION = YES;
				CLANG_WARN_INT_CONVERSION = YES;
				CLANG_WARN_NON_LITERAL_NULL_CONVERSION = YES;
				CLANG_WARN_OBJC_IMPLICIT_RETAIN_SELF = YES;
				CLANG_WARN_OBJC_LITERAL_CONVERSION = YES;
				CLANG_WARN_OBJC_ROOT_CLASS = YES_ERROR;
				CLANG_WARN_RANGE_LOOP_ANALYSIS = YES;
				CLANG_WARN_STRICT_PROTOTYPES = YES;
				CLANG_WARN_SUSPICIOUS_MOVE = YES;
				CLANG_WARN_UNGUARDED_AVAILABILITY = YES_AGGRESSIVE;
				CLANG_WARN_UNREACHABLE_CODE = YES;
				CLANG_WARN__DUPLICATE_METHOD_MATCH = YES;
				CODE_SIGN_IDENTITY = "iPhone Developer";
				COPY_PHASE_STRIP = NO;
				DEBUG_INFORMATION_FORMAT = "dwarf-with-dsym";
				ENABLE_NS_ASSERTIONS = NO;
				ENABLE_STRICT_OBJC_MSGSEND = YES;
				GCC_C_LANGUAGE_STANDARD = gnu11;
				GCC_NO_COMMON_BLOCKS = YES;
				GCC_WARN_64_TO_32_BIT_CONVERSION = YES;
				GCC_WARN_ABOUT_RETURN_TYPE = YES_ERROR;
				GCC_WARN_UNDECLARED_SELECTOR = YES;
				GCC_WARN_UNINITIALIZED_AUTOS = YES_AGGRESSIVE;
				GCC_WARN_UNUSED_FUNCTION = YES;
				GCC_WARN_UNUSED_VARIABLE = YES;
				IPHONEOS_DEPLOYMENT_TARGET = 12.1;
				MTL_ENABLE_DEBUG_INFO = NO;
				MTL_FAST_MATH = YES;
				SDKROOT = iphoneos;
				SWIFT_COMPILATION_MODE = wholemodule;
				SWIFT_OPTIMIZATION_LEVEL = "-O";
				VALIDATE_PRODUCT = YES;
			};
			name = Release;
		};
		FEC4ADBC222E89CC003CCE13 /* Debug */ = {
			isa = XCBuildConfiguration;
			baseConfigurationReference = 42B6FB6A55E4AC46D66EEA38 /* Pods-MamiCamp.debug.xcconfig */;
			buildSettings = {
				ASSETCATALOG_COMPILER_APPICON_NAME = AppIcon;
				CODE_SIGN_STYLE = Automatic;
				DEVELOPMENT_TEAM = LL9FDP2VX6;
				INFOPLIST_FILE = MamiCamp/Info.plist;
				LD_RUNPATH_SEARCH_PATHS = (
					"$(inherited)",
					"@executable_path/Frameworks",
				);
				PRODUCT_BUNDLE_IDENTIFIER = com.icungse.MamiCamp;
				PRODUCT_NAME = "$(TARGET_NAME)";
				SWIFT_VERSION = 4.2;
				TARGETED_DEVICE_FAMILY = "1,2";
			};
			name = Debug;
		};
		FEC4ADBD222E89CC003CCE13 /* Release */ = {
			isa = XCBuildConfiguration;
			baseConfigurationReference = 7EC10763E5052EF5D4871688 /* Pods-MamiCamp.release.xcconfig */;
			buildSettings = {
				ASSETCATALOG_COMPILER_APPICON_NAME = AppIcon;
				CODE_SIGN_STYLE = Automatic;
				DEVELOPMENT_TEAM = LL9FDP2VX6;
				INFOPLIST_FILE = MamiCamp/Info.plist;
				LD_RUNPATH_SEARCH_PATHS = (
					"$(inherited)",
					"@executable_path/Frameworks",
				);
				PRODUCT_BUNDLE_IDENTIFIER = com.icungse.MamiCamp;
				PRODUCT_NAME = "$(TARGET_NAME)";
				SWIFT_VERSION = 4.2;
				TARGETED_DEVICE_FAMILY = "1,2";
			};
			name = Release;
		};
/* End XCBuildConfiguration section */

/* Begin XCConfigurationList section */
		FEC4ADA1222E89CA003CCE13 /* Build configuration list for PBXProject "MamiCamp" */ = {
			isa = XCConfigurationList;
			buildConfigurations = (
				FEC4ADB9222E89CC003CCE13 /* Debug */,
				FEC4ADBA222E89CC003CCE13 /* Release */,
			);
			defaultConfigurationIsVisible = 0;
			defaultConfigurationName = Release;
		};
		FEC4ADBB222E89CC003CCE13 /* Build configuration list for PBXNativeTarget "MamiCamp" */ = {
			isa = XCConfigurationList;
			buildConfigurations = (
				FEC4ADBC222E89CC003CCE13 /* Debug */,
				FEC4ADBD222E89CC003CCE13 /* Release */,
			);
			defaultConfigurationIsVisible = 0;
			defaultConfigurationName = Release;
		};
/* End XCConfigurationList section */

/* Begin XCVersionGroup section */
		FEC4ADB0222E89CA003CCE13 /* MamiCamp.xcdatamodeld */ = {
			isa = XCVersionGroup;
			children = (
				FEC4ADB1222E89CA003CCE13 /* MamiCamp.xcdatamodel */,
			);
			currentVersion = FEC4ADB1222E89CA003CCE13 /* MamiCamp.xcdatamodel */;
			path = MamiCamp.xcdatamodeld;
			sourceTree = "<group>";
			versionGroupType = wrapper.xcdatamodel;
		};
/* End XCVersionGroup section */
	};
	rootObject = FEC4AD9E222E89CA003CCE13 /* Project object */;
}
